<?xml version="1.0" encoding="utf-8"?>
<Project ToolsVersion="4.0" xmlns="http://schemas.microsoft.com/developer/msbuild/2003">
  <ItemGroup>
    <Filter Include="utilities">
      <UniqueIdentifier>{b175def8-d4b6-49bb-aa85-1db9c10e19ae}</UniqueIdentifier>
    </Filter>
    <Filter Include="utilities\Headers">
      <UniqueIdentifier>{855792a8-7e6f-4e19-a0c9-f96e934163b1}</UniqueIdentifier>
    </Filter>
    <Filter Include="utilities\Sources">
      <UniqueIdentifier>{0bcb596a-3123-4e2f-b679-89a4813423fa}</UniqueIdentifier>
    </Filter>
    <Filter Include="sockets">
      <UniqueIdentifier>{b84c6817-37bf-4457-98c6-3170dda68b33}</UniqueIdentifier>
    </Filter>
    <Filter Include="sockets\Headers">
      <UniqueIdentifier>{404f6cab-561f-44f3-8293-8530fd18b2b5}</UniqueIdentifier>
    </Filter>
    <Filter Include="sockets\Sources">
      <UniqueIdentifier>{7924f2b9-e310-4f11-ae41-d717c8a064fd}</UniqueIdentifier>
    </Filter>
    <Filter Include="pipes">
      <UniqueIdentifier>{13e1f26d-42d3-4ccf-896b-cdb21bf0bfe3}</UniqueIdentifier>
    </Filter>
    <Filter Include="pipes\Headers">
      <UniqueIdentifier>{7babbf57-81c3-4413-b7d5-50161de651b6}</UniqueIdentifier>
    </Filter>
    <Filter Include="pipes\Sources">
      <UniqueIdentifier>{f947ad6a-9d29-48d2-92e2-cade0d714e06}</UniqueIdentifier>
    </Filter>
    <Filter Include="shared_memory">
      <UniqueIdentifier>{e71a39cb-13f9-4cbe-9e1a-ac1c31160605}</UniqueIdentifier>
    </Filter>
    <Filter Include="shared_memory\Headers">
      <UniqueIdentifier>{ad471382-f488-4897-a43d-7cf5fca4e806}</UniqueIdentifier>
    </Filter>
    <Filter Include="shared_memory\Sources">
      <UniqueIdentifier>{5ed6a20d-dc60-48f2-ad3c-1b6871ffd585}</UniqueIdentifier>
    </Filter>
    <Filter Include="tests">
      <UniqueIdentifier>{241a3600-05d8-4ad8-b5e4-824e06a1d9bb}</UniqueIdentifier>
    </Filter>
    <Filter Include="tests\Headers">
      <UniqueIdentifier>{c853d451-663f-4aaf-88a8-48e1a9fb550a}</UniqueIdentifier>
    </Filter>
    <Filter Include="tests\Sources">
      <UniqueIdentifier>{0a4c75bd-d33c-4481-a57e-99db452815f8}</UniqueIdentifier>
    </Filter>
  </ItemGroup>
  <ItemGroup>
    <ClInclude Include="task6lib.h" />
    <ClInclude Include="TcpServer.h">
      <Filter>sockets\Headers</Filter>
    </ClInclude>
    <ClInclude Include="sockets.h">
      <Filter>sockets\Headers</Filter>
    </ClInclude>
    <ClInclude Include="utilities.h">
      <Filter>utilities\Headers</Filter>
    </ClInclude>
    <ClInclude Include="pipes.h">
      <Filter>pipes\Headers</Filter>
    </ClInclude>
    <ClInclude Include="shared_memory.h">
      <Filter>shared_memory\Headers</Filter>
    </ClInclude>
    <ClInclude Include="tests.h">
      <Filter>tests\Headers</Filter>
    </ClInclude>
    <ClInclude Include="Utility.h">
      <Filter>utilities\Headers</Filter>
    </ClInclude>
    <ClInclude Include="RaiiHKey.h">
      <Filter>utilities\Headers</Filter>
    </ClInclude>
    <ClInclude Include="SystemException.h">
      <Filter>utilities\Headers</Filter>
    </ClInclude>
    <ClInclude Include="RaiiHandle.h">
      <Filter>utilities\Headers</Filter>
    </ClInclude>
    <ClInclude Include="PipeState.h">
      <Filter>pipes\Headers</Filter>
    </ClInclude>
    <ClInclude Include="RaiiIndexedOverlapped.h">
      <Filter>utilities\Headers</Filter>
    </ClInclude>
    <ClInclude Include="InPipeServer.h">
      <Filter>pipes\Headers</Filter>
    </ClInclude>
    <ClInclude Include="OutPipeClient.h">
      <Filter>pipes\Headers</Filter>
    </ClInclude>
    <ClInclude Include="RaiiCriticalSection.h">
      <Filter>utilities\Headers</Filter>
    </ClInclude>
    <ClInclude Include="RaiiLock.h">
      <Filter>utilities\Headers</Filter>
    </ClInclude>
    <ClInclude Include="RaiiOverlapped.h">
      <Filter>utilities\Headers</Filter>
    </ClInclude>
  </ItemGroup>
  <ItemGroup>
    <ClCompile Include="TcpServer.cpp">
      <Filter>sockets\Sources</Filter>
    </ClCompile>
    <ClCompile Include="test_run_on_startup.cpp">
      <Filter>tests\Sources</Filter>
    </ClCompile>
    <ClCompile Include="Utility_runOnStartup.cpp">
      <Filter>utilities\Sources</Filter>
    </ClCompile>
    <ClCompile Include="SystemException.cpp">
      <Filter>utilities\Sources</Filter>
    </ClCompile>
    <ClCompile Include="RaiiHandle.cpp">
      <Filter>utilities\Sources</Filter>
    </ClCompile>
    <ClCompile Include="RaiiHKey.cpp">
      <Filter>utilities\Sources</Filter>
    </ClCompile>
    <ClCompile Include="RaiiIndexedOverlapped.cpp">
      <Filter>utilities\Sources</Filter>
    </ClCompile>
    <ClCompile Include="InPipeServer.cpp">
      <Filter>pipes\Sources</Filter>
    </ClCompile>
    <ClCompile Include="OutPipeClient.cpp">
      <Filter>pipes\Sources</Filter>
    </ClCompile>
    <ClCompile Include="RaiiCriticalSection.cpp">
      <Filter>utilities\Sources</Filter>
    </ClCompile>
    <ClCompile Include="RaiiLock.cpp">
      <Filter>utilities\Sources</Filter>
    </ClCompile>
    <ClCompile Include="RaiiOverlapped.cpp">
      <Filter>utilities\Sources</Filter>
    </ClCompile>
  </ItemGroup>
</Project>